Microsoft Visual Studio Solution File, Format Version 12.00
# Visual Studio 15
VisualStudioVersion = 15.0.27130.2027
MinimumVisualStudioVersion = 10.0.40219.1
Project("{2150E333-8FDC-42A3-9474-1A3956D46DE8}") = "Solution Items", "Solution Items", "{193F466A-BECE-4809-A369-7CC061C31C82}"
	ProjectSection(SolutionItems) = preProject
		NuGet.Config = NuGet.Config
	EndProjectSection
EndProject
Project("{9A19103F-16F7-4668-BE54-9A1E7A4F7556}") = "Octo", "Octo\Octo.csproj", "{D1BFD88F-FB8E-49EC-968F-F4D9A8A52519}"
EndProject
Project("{9A19103F-16F7-4668-BE54-9A1E7A4F7556}") = "Octo.Tests", "Octo.Tests\Octo.Tests.csproj", "{B05E3858-5607-46DB-876C-4E1F5728A4BB}"
EndProject
Project("{9A19103F-16F7-4668-BE54-9A1E7A4F7556}") = "Octopus.Client", "Octopus.Client\Octopus.Client.csproj", "{B22C7BE1-DDBB-4721-8C16-3CBA1F365B3D}"
EndProject
Project("{9A19103F-16F7-4668-BE54-9A1E7A4F7556}") = "Octopus.Client.Tests", "Octopus.Client.Tests\Octopus.Client.Tests.csproj", "{DE6C675D-64B0-4CA5-A6B0-BEE4E0E9A1B8}"
EndProject
Project("{FAE04EC0-301F-11D3-BF4B-00C04F79EFBC}") = "Octopus.DotNet.Cli", "Octopus.DotNet.Cli\Octopus.DotNet.Cli.csproj", "{863F2763-575C-4E31-95A6-508C22AC3CD1}"
EndProject
Project("{FAE04EC0-301F-11D3-BF4B-00C04F79EFBC}") = "Octopus.Cli", "Octopus.Cli\Octopus.Cli.csproj", "{627462FB-2E70-4F9C-ACC9-8CF84BF6C196}"
EndProject
Global
	GlobalSection(SolutionConfigurationPlatforms) = preSolution
		Debug|Any CPU = Debug|Any CPU
		Debug|Mixed Platforms = Debug|Mixed Platforms
		Debug|x86 = Debug|x86
		Release|Any CPU = Release|Any CPU
		Release|Mixed Platforms = Release|Mixed Platforms
		Release|x86 = Release|x86
	EndGlobalSection
	GlobalSection(ProjectConfigurationPlatforms) = postSolution
		{D1BFD88F-FB8E-49EC-968F-F4D9A8A52519}.Debug|Any CPU.ActiveCfg = Debug|Any CPU
		{D1BFD88F-FB8E-49EC-968F-F4D9A8A52519}.Debug|Any CPU.Build.0 = Debug|Any CPU
		{D1BFD88F-FB8E-49EC-968F-F4D9A8A52519}.Debug|Mixed Platforms.ActiveCfg = Debug|Any CPU
		{D1BFD88F-FB8E-49EC-968F-F4D9A8A52519}.Debug|Mixed Platforms.Build.0 = Debug|Any CPU
		{D1BFD88F-FB8E-49EC-968F-F4D9A8A52519}.Debug|x86.ActiveCfg = Debug|Any CPU
		{D1BFD88F-FB8E-49EC-968F-F4D9A8A52519}.Debug|x86.Build.0 = Debug|Any CPU
		{D1BFD88F-FB8E-49EC-968F-F4D9A8A52519}.Release|Any CPU.ActiveCfg = Release|Any CPU
		{D1BFD88F-FB8E-49EC-968F-F4D9A8A52519}.Release|Any CPU.Build.0 = Release|Any CPU
		{D1BFD88F-FB8E-49EC-968F-F4D9A8A52519}.Release|Mixed Platforms.ActiveCfg = Release|Any CPU
		{D1BFD88F-FB8E-49EC-968F-F4D9A8A52519}.Release|Mixed Platforms.Build.0 = Release|Any CPU
		{D1BFD88F-FB8E-49EC-968F-F4D9A8A52519}.Release|x86.ActiveCfg = Release|Any CPU
		{D1BFD88F-FB8E-49EC-968F-F4D9A8A52519}.Release|x86.Build.0 = Release|Any CPU
		{B05E3858-5607-46DB-876C-4E1F5728A4BB}.Debug|Any CPU.ActiveCfg = Debug|Any CPU
		{B05E3858-5607-46DB-876C-4E1F5728A4BB}.Debug|Any CPU.Build.0 = Debug|Any CPU
		{B05E3858-5607-46DB-876C-4E1F5728A4BB}.Debug|Mixed Platforms.ActiveCfg = Debug|Any CPU
		{B05E3858-5607-46DB-876C-4E1F5728A4BB}.Debug|Mixed Platforms.Build.0 = Debug|Any CPU
		{B05E3858-5607-46DB-876C-4E1F5728A4BB}.Debug|x86.ActiveCfg = Debug|Any CPU
		{B05E3858-5607-46DB-876C-4E1F5728A4BB}.Release|Any CPU.ActiveCfg = Release|Any CPU
		{B05E3858-5607-46DB-876C-4E1F5728A4BB}.Release|Any CPU.Build.0 = Release|Any CPU
		{B05E3858-5607-46DB-876C-4E1F5728A4BB}.Release|Mixed Platforms.ActiveCfg = Release|Any CPU
		{B05E3858-5607-46DB-876C-4E1F5728A4BB}.Release|Mixed Platforms.Build.0 = Release|Any CPU
		{B05E3858-5607-46DB-876C-4E1F5728A4BB}.Release|x86.ActiveCfg = Release|Any CPU
		{B22C7BE1-DDBB-4721-8C16-3CBA1F365B3D}.Debug|Any CPU.ActiveCfg = Debug|Any CPU
		{B22C7BE1-DDBB-4721-8C16-3CBA1F365B3D}.Debug|Any CPU.Build.0 = Debug|Any CPU
		{B22C7BE1-DDBB-4721-8C16-3CBA1F365B3D}.Debug|Mixed Platforms.ActiveCfg = Debug|Any CPU
		{B22C7BE1-DDBB-4721-8C16-3CBA1F365B3D}.Debug|Mixed Platforms.Build.0 = Debug|Any CPU
		{B22C7BE1-DDBB-4721-8C16-3CBA1F365B3D}.Debug|x86.ActiveCfg = Debug|Any CPU
		{B22C7BE1-DDBB-4721-8C16-3CBA1F365B3D}.Debug|x86.Build.0 = Debug|Any CPU
		{B22C7BE1-DDBB-4721-8C16-3CBA1F365B3D}.Release|Any CPU.ActiveCfg = Release|Any CPU
		{B22C7BE1-DDBB-4721-8C16-3CBA1F365B3D}.Release|Any CPU.Build.0 = Release|Any CPU
		{B22C7BE1-DDBB-4721-8C16-3CBA1F365B3D}.Release|Mixed Platforms.ActiveCfg = Release|Any CPU
		{B22C7BE1-DDBB-4721-8C16-3CBA1F365B3D}.Release|Mixed Platforms.Build.0 = Release|Any CPU
		{B22C7BE1-DDBB-4721-8C16-3CBA1F365B3D}.Release|x86.ActiveCfg = Release|Any CPU
		{B22C7BE1-DDBB-4721-8C16-3CBA1F365B3D}.Release|x86.Build.0 = Release|Any CPU
		{DE6C675D-64B0-4CA5-A6B0-BEE4E0E9A1B8}.Debug|Any CPU.ActiveCfg = Debug|Any CPU
		{DE6C675D-64B0-4CA5-A6B0-BEE4E0E9A1B8}.Debug|Any CPU.Build.0 = Debug|Any CPU
		{DE6C675D-64B0-4CA5-A6B0-BEE4E0E9A1B8}.Debug|Mixed Platforms.ActiveCfg = Debug|Any CPU
		{DE6C675D-64B0-4CA5-A6B0-BEE4E0E9A1B8}.Debug|Mixed Platforms.Build.0 = Debug|Any CPU
		{DE6C675D-64B0-4CA5-A6B0-BEE4E0E9A1B8}.Debug|x86.ActiveCfg = Debug|Any CPU
		{DE6C675D-64B0-4CA5-A6B0-BEE4E0E9A1B8}.Debug|x86.Build.0 = Debug|Any CPU
		{DE6C675D-64B0-4CA5-A6B0-BEE4E0E9A1B8}.Release|Any CPU.ActiveCfg = Release|Any CPU
		{DE6C675D-64B0-4CA5-A6B0-BEE4E0E9A1B8}.Release|Any CPU.Build.0 = Release|Any CPU
		{DE6C675D-64B0-4CA5-A6B0-BEE4E0E9A1B8}.Release|Mixed Platforms.ActiveCfg = Release|Any CPU
		{DE6C675D-64B0-4CA5-A6B0-BEE4E0E9A1B8}.Release|Mixed Platforms.Build.0 = Release|Any CPU
		{DE6C675D-64B0-4CA5-A6B0-BEE4E0E9A1B8}.Release|x86.ActiveCfg = Release|Any CPU
		{DE6C675D-64B0-4CA5-A6B0-BEE4E0E9A1B8}.Release|x86.Build.0 = Release|Any CPU
		{863F2763-575C-4E31-95A6-508C22AC3CD1}.Debug|Any CPU.ActiveCfg = Debug|Any CPU
		{863F2763-575C-4E31-95A6-508C22AC3CD1}.Debug|Any CPU.Build.0 = Debug|Any CPU
		{863F2763-575C-4E31-95A6-508C22AC3CD1}.Debug|Mixed Platforms.ActiveCfg = Debug|Any CPU
		{863F2763-575C-4E31-95A6-508C22AC3CD1}.Debug|Mixed Platforms.Build.0 = Debug|Any CPU
		{863F2763-575C-4E31-95A6-508C22AC3CD1}.Debug|x86.ActiveCfg = Debug|Any CPU
		{863F2763-575C-4E31-95A6-508C22AC3CD1}.Debug|x86.Build.0 = Debug|Any CPU
		{863F2763-575C-4E31-95A6-508C22AC3CD1}.Release|Any CPU.ActiveCfg = Release|Any CPU
		{863F2763-575C-4E31-95A6-508C22AC3CD1}.Release|Any CPU.Build.0 = Release|Any CPU
		{863F2763-575C-4E31-95A6-508C22AC3CD1}.Release|Mixed Platforms.ActiveCfg = Release|Any CPU
		{863F2763-575C-4E31-95A6-508C22AC3CD1}.Release|Mixed Platforms.Build.0 = Release|Any CPU
		{863F2763-575C-4E31-95A6-508C22AC3CD1}.Release|x86.ActiveCfg = Release|Any CPU
		{863F2763-575C-4E31-95A6-508C22AC3CD1}.Release|x86.Build.0 = Release|Any CPU
		{627462FB-2E70-4F9C-ACC9-8CF84BF6C196}.Debug|Any CPU.ActiveCfg = Debug|Any CPU
		{627462FB-2E70-4F9C-ACC9-8CF84BF6C196}.Debug|Any CPU.Build.0 = Debug|Any CPU
		{627462FB-2E70-4F9C-ACC9-8CF84BF6C196}.Debug|Mixed Platforms.ActiveCfg = Debug|Any CPU
		{627462FB-2E70-4F9C-ACC9-8CF84BF6C196}.Debug|Mixed Platforms.Build.0 = Debug|Any CPU
		{627462FB-2E70-4F9C-ACC9-8CF84BF6C196}.Debug|x86.ActiveCfg = Debug|Any CPU
		{627462FB-2E70-4F9C-ACC9-8CF84BF6C196}.Debug|x86.Build.0 = Debug|Any CPU
		{627462FB-2E70-4F9C-ACC9-8CF84BF6C196}.Release|Any CPU.ActiveCfg = Release|Any CPU
		{627462FB-2E70-4F9C-ACC9-8CF84BF6C196}.Release|Any CPU.Build.0 = Release|Any CPU
		{627462FB-2E70-4F9C-ACC9-8CF84BF6C196}.Release|Mixed Platforms.ActiveCfg = Release|Any CPU
		{627462FB-2E70-4F9C-ACC9-8CF84BF6C196}.Release|Mixed Platforms.Build.0 = Release|Any CPU
		{627462FB-2E70-4F9C-ACC9-8CF84BF6C196}.Release|x86.ActiveCfg = Release|Any CPU
		{627462FB-2E70-4F9C-ACC9-8CF84BF6C196}.Release|x86.Build.0 = Release|Any CPU
	EndGlobalSection
	GlobalSection(SolutionProperties) = preSolution
		HideSolutionNode = FALSE
	EndGlobalSection
	GlobalSection(ExtensibilityGlobals) = postSolution
		SolutionGuid = {FD0E320F-79AC-4489-9508-C62497C629D3}
	EndGlobalSection
EndGlobal
