
Microsoft Visual Studio Solution File, Format Version 12.00
# Visual Studio Version 16
VisualStudioVersion = 16.0.28803.202
MinimumVisualStudioVersion = 10.0.40219.1
Project("{2150E333-8FDC-42A3-9474-1A3956D46DE8}") = "Solution Items", "Solution Items", "{193F466A-BECE-4809-A369-7CC061C31C82}"
	ProjectSection(SolutionItems) = preProject
		..\build.cake = ..\build.cake
		..\build.cmd = ..\build.cmd
		..\build.ps1 = ..\build.ps1
		..\build.sh = ..\build.sh
		..\gitversion.yml = ..\gitversion.yml
		NuGet.Config = NuGet.Config
		..\readme.md = ..\readme.md
	EndProjectSection
EndProject
Project("{9A19103F-16F7-4668-BE54-9A1E7A4F7556}") = "Octopus.Client", "Octopus.Client\Octopus.Client.csproj", "{B22C7BE1-DDBB-4721-8C16-3CBA1F365B3D}"
EndProject
Project("{9A19103F-16F7-4668-BE54-9A1E7A4F7556}") = "Octopus.Client.Tests", "Octopus.Client.Tests\Octopus.Client.Tests.csproj", "{DE6C675D-64B0-4CA5-A6B0-BEE4E0E9A1B8}"
EndProject
Project("{9A19103F-16F7-4668-BE54-9A1E7A4F7556}") = "Octopus.Client.E2ETests", "Octopus.Client.E2ETests\Octopus.Client.E2ETests.csproj", "{8B0BE6DD-AF8D-4290-AFCB-5690B0F08C3B}"
EndProject
Project("{9A19103F-16F7-4668-BE54-9A1E7A4F7556}") = "_build", "..\build\_build.csproj", "{89F03343-2A44-4B5C-8FC7-AA026789B7E8}"
EndProject
Global
	GlobalSection(SolutionConfigurationPlatforms) = preSolution
		Debug|Any CPU = Debug|Any CPU
		Debug|Mixed Platforms = Debug|Mixed Platforms
		Debug|x86 = Debug|x86
		Release|Any CPU = Release|Any CPU
		Release|Mixed Platforms = Release|Mixed Platforms
		Release|x86 = Release|x86
	EndGlobalSection
	GlobalSection(ProjectConfigurationPlatforms) = postSolution
		{89F03343-2A44-4B5C-8FC7-AA026789B7E8}.Debug|Any CPU.ActiveCfg = Debug|Any CPU
		{89F03343-2A44-4B5C-8FC7-AA026789B7E8}.Release|Any CPU.ActiveCfg = Release|Any CPU
		{89F03343-2A44-4B5C-8FC7-AA026789B7E8}.Debug|Mixed Platforms.ActiveCfg = Debug|Any CPU
		{89F03343-2A44-4B5C-8FC7-AA026789B7E8}.Debug|x86.ActiveCfg = Debug|Any CPU
		{89F03343-2A44-4B5C-8FC7-AA026789B7E8}.Release|Mixed Platforms.ActiveCfg = Release|Any CPU
		{89F03343-2A44-4B5C-8FC7-AA026789B7E8}.Release|x86.ActiveCfg = Release|Any CPU
		{B22C7BE1-DDBB-4721-8C16-3CBA1F365B3D}.Debug|Any CPU.ActiveCfg = Debug|Any CPU
		{B22C7BE1-DDBB-4721-8C16-3CBA1F365B3D}.Debug|Any CPU.Build.0 = Debug|Any CPU
		{B22C7BE1-DDBB-4721-8C16-3CBA1F365B3D}.Debug|Mixed Platforms.ActiveCfg = Debug|Any CPU
		{B22C7BE1-DDBB-4721-8C16-3CBA1F365B3D}.Debug|Mixed Platforms.Build.0 = Debug|Any CPU
		{B22C7BE1-DDBB-4721-8C16-3CBA1F365B3D}.Debug|x86.ActiveCfg = Debug|Any CPU
		{B22C7BE1-DDBB-4721-8C16-3CBA1F365B3D}.Debug|x86.Build.0 = Debug|Any CPU
		{B22C7BE1-DDBB-4721-8C16-3CBA1F365B3D}.Release|Any CPU.ActiveCfg = Release|Any CPU
		{B22C7BE1-DDBB-4721-8C16-3CBA1F365B3D}.Release|Any CPU.Build.0 = Release|Any CPU
		{B22C7BE1-DDBB-4721-8C16-3CBA1F365B3D}.Release|Mixed Platforms.ActiveCfg = Release|Any CPU
		{B22C7BE1-DDBB-4721-8C16-3CBA1F365B3D}.Release|Mixed Platforms.Build.0 = Release|Any CPU
		{B22C7BE1-DDBB-4721-8C16-3CBA1F365B3D}.Release|x86.ActiveCfg = Release|Any CPU
		{B22C7BE1-DDBB-4721-8C16-3CBA1F365B3D}.Release|x86.Build.0 = Release|Any CPU
		{DE6C675D-64B0-4CA5-A6B0-BEE4E0E9A1B8}.Debug|Any CPU.ActiveCfg = Debug|Any CPU
		{DE6C675D-64B0-4CA5-A6B0-BEE4E0E9A1B8}.Debug|Any CPU.Build.0 = Debug|Any CPU
		{DE6C675D-64B0-4CA5-A6B0-BEE4E0E9A1B8}.Debug|Mixed Platforms.ActiveCfg = Debug|Any CPU
		{DE6C675D-64B0-4CA5-A6B0-BEE4E0E9A1B8}.Debug|Mixed Platforms.Build.0 = Debug|Any CPU
		{DE6C675D-64B0-4CA5-A6B0-BEE4E0E9A1B8}.Debug|x86.ActiveCfg = Debug|Any CPU
		{DE6C675D-64B0-4CA5-A6B0-BEE4E0E9A1B8}.Debug|x86.Build.0 = Debug|Any CPU
		{DE6C675D-64B0-4CA5-A6B0-BEE4E0E9A1B8}.Release|Any CPU.ActiveCfg = Release|Any CPU
		{DE6C675D-64B0-4CA5-A6B0-BEE4E0E9A1B8}.Release|Any CPU.Build.0 = Release|Any CPU
		{DE6C675D-64B0-4CA5-A6B0-BEE4E0E9A1B8}.Release|Mixed Platforms.ActiveCfg = Release|Any CPU
		{DE6C675D-64B0-4CA5-A6B0-BEE4E0E9A1B8}.Release|Mixed Platforms.Build.0 = Release|Any CPU
		{DE6C675D-64B0-4CA5-A6B0-BEE4E0E9A1B8}.Release|x86.ActiveCfg = Release|Any CPU
		{DE6C675D-64B0-4CA5-A6B0-BEE4E0E9A1B8}.Release|x86.Build.0 = Release|Any CPU
		{8B0BE6DD-AF8D-4290-AFCB-5690B0F08C3B}.Debug|Any CPU.ActiveCfg = Debug|Any CPU
		{8B0BE6DD-AF8D-4290-AFCB-5690B0F08C3B}.Debug|Any CPU.Build.0 = Debug|Any CPU
		{8B0BE6DD-AF8D-4290-AFCB-5690B0F08C3B}.Debug|Mixed Platforms.ActiveCfg = Debug|Any CPU
		{8B0BE6DD-AF8D-4290-AFCB-5690B0F08C3B}.Debug|Mixed Platforms.Build.0 = Debug|Any CPU
		{8B0BE6DD-AF8D-4290-AFCB-5690B0F08C3B}.Debug|x86.ActiveCfg = Debug|Any CPU
		{8B0BE6DD-AF8D-4290-AFCB-5690B0F08C3B}.Debug|x86.Build.0 = Debug|Any CPU
		{8B0BE6DD-AF8D-4290-AFCB-5690B0F08C3B}.Release|Any CPU.ActiveCfg = Release|Any CPU
		{8B0BE6DD-AF8D-4290-AFCB-5690B0F08C3B}.Release|Any CPU.Build.0 = Release|Any CPU
		{8B0BE6DD-AF8D-4290-AFCB-5690B0F08C3B}.Release|Mixed Platforms.ActiveCfg = Release|Any CPU
		{8B0BE6DD-AF8D-4290-AFCB-5690B0F08C3B}.Release|Mixed Platforms.Build.0 = Release|Any CPU
		{8B0BE6DD-AF8D-4290-AFCB-5690B0F08C3B}.Release|x86.ActiveCfg = Release|Any CPU
		{8B0BE6DD-AF8D-4290-AFCB-5690B0F08C3B}.Release|x86.Build.0 = Release|Any CPU
	EndGlobalSection
	GlobalSection(SolutionProperties) = preSolution
		HideSolutionNode = FALSE
	EndGlobalSection
	GlobalSection(ExtensibilityGlobals) = postSolution
		SolutionGuid = {FD0E320F-79AC-4489-9508-C62497C629D3}
	EndGlobalSection
EndGlobal
